
Microsoft Visual Studio Solution File, Format Version 12.00
# Visual Studio 15
VisualStudioVersion = 15.0.26730.8
MinimumVisualStudioVersion = 10.0.40219.1
Project("{8BC9CEB8-8B4A-11D0-8D11-00A0C91BC942}") = "lab3_cppasyncfuture", "lab3_cppasyncfuture\lab3_cppasyncfuture.vcxproj", "{8275625C-3E93-448E-B24A-59768650E1F3}"
EndProject
Global
	GlobalSection(SolutionConfigurationPlatforms) = preSolution
		Debug|x64 = Debug|x64
		Debug|x86 = Debug|x86
		Release|x64 = Release|x64
		Release|x86 = Release|x86
	EndGlobalSection
	GlobalSection(ProjectConfigurationPlatforms) = postSolution
		{8275625C-3E93-448E-B24A-59768650E1F3}.Debug|x64.ActiveCfg = Debug|x64
		{8275625C-3E93-448E-B24A-59768650E1F3}.Debug|x64.Build.0 = Debug|x64
		{8275625C-3E93-448E-B24A-59768650E1F3}.Debug|x86.ActiveCfg = Debug|Win32
		{8275625C-3E93-448E-B24A-59768650E1F3}.Debug|x86.Build.0 = Debug|Win32
		{8275625C-3E93-448E-B24A-59768650E1F3}.Release|x64.ActiveCfg = Release|x64
		{8275625C-3E93-448E-B24A-59768650E1F3}.Release|x64.Build.0 = Release|x64
		{8275625C-3E93-448E-B24A-59768650E1F3}.Release|x86.ActiveCfg = Release|Win32
		{8275625C-3E93-448E-B24A-59768650E1F3}.Release|x86.Build.0 = Release|Win32
	EndGlobalSection
	GlobalSection(SolutionProperties) = preSolution
		HideSolutionNode = FALSE
	EndGlobalSection
	GlobalSection(ExtensibilityGlobals) = postSolution
		SolutionGuid = {24906D0D-A445-4A68-BC32-1C8B863599A8}
	EndGlobalSection
EndGlobal
